PODS:
  - common (1.0)
  - Kingfisher (5.15.0):
    - Kingfisher/Core (= 5.15.0)
  - Kingfisher/Core (5.15.0)
  - MaterialComponents (113.1.0):
    - MaterialComponents/ActionSheet (= 113.1.0)
    - "MaterialComponents/ActionSheet+Theming (= 113.1.0)"
    - MaterialComponents/ActivityIndicator (= 113.1.0)
    - MaterialComponents/AnimationTiming (= 113.1.0)
    - MaterialComponents/AppBar (= 113.1.0)
    - "MaterialComponents/AppBar+ColorThemer (= 113.1.0)"
    - "MaterialComponents/AppBar+Theming (= 113.1.0)"
    - "MaterialComponents/AppBar+TypographyThemer (= 113.1.0)"
    - MaterialComponents/Availability (= 113.1.0)
    - MaterialComponents/Banner (= 113.1.0)
    - "MaterialComponents/Banner+Theming (= 113.1.0)"
    - MaterialComponents/BottomAppBar (= 113.1.0)
    - MaterialComponents/BottomNavigation (= 113.1.0)
    - "MaterialComponents/BottomNavigation+BottomNavigationController (= 113.1.0)"
    - "MaterialComponents/BottomNavigation+Theming (= 113.1.0)"
    - MaterialComponents/BottomSheet (= 113.1.0)
    - "MaterialComponents/BottomSheet+ShapeThemer (= 113.1.0)"
    - MaterialComponents/ButtonBar (= 113.1.0)
    - MaterialComponents/Buttons (= 113.1.0)
    - "MaterialComponents/Buttons+ButtonThemer (= 113.1.0)"
    - "MaterialComponents/Buttons+ColorThemer (= 113.1.0)"
    - "MaterialComponents/Buttons+ShapeThemer (= 113.1.0)"
    - "MaterialComponents/Buttons+Theming (= 113.1.0)"
    - "MaterialComponents/Buttons+TypographyThemer (= 113.1.0)"
    - MaterialComponents/Cards (= 113.1.0)
    - "MaterialComponents/Cards+Theming (= 113.1.0)"
    - MaterialComponents/Chips (= 113.1.0)
    - "MaterialComponents/Chips+Theming (= 113.1.0)"
    - MaterialComponents/CollectionCells (= 113.1.0)
    - MaterialComponents/CollectionLayoutAttributes (= 113.1.0)
    - MaterialComponents/Collections (= 113.1.0)
    - MaterialComponents/Dialogs (= 113.1.0)
    - "MaterialComponents/Dialogs+ColorThemer (= 113.1.0)"
    - "MaterialComponents/Dialogs+Theming (= 113.1.0)"
    - "MaterialComponents/Dialogs+TypographyThemer (= 113.1.0)"
    - MaterialComponents/Elevation (= 113.1.0)
    - MaterialComponents/FeatureHighlight (= 113.1.0)
    - "MaterialComponents/FeatureHighlight+ColorThemer (= 113.1.0)"
    - MaterialComponents/FlexibleHeader (= 113.1.0)
    - "MaterialComponents/FlexibleHeader+CanAlwaysExpandToMaximumHeight (= 113.1.0)"
    - "MaterialComponents/FlexibleHeader+ShiftBehavior (= 113.1.0)"
    - "MaterialComponents/FlexibleHeader+ShiftBehaviorEnabledWithStatusBar (= 113.1.0)"
    - MaterialComponents/HeaderStackView (= 113.1.0)
    - MaterialComponents/Ink (= 113.1.0)
    - MaterialComponents/LibraryInfo (= 113.1.0)
    - MaterialComponents/List (= 113.1.0)
    - "MaterialComponents/List+Theming (= 113.1.0)"
    - MaterialComponents/NavigationBar (= 113.1.0)
    - "MaterialComponents/NavigationBar+ColorThemer (= 113.1.0)"
    - "MaterialComponents/NavigationBar+TypographyThemer (= 113.1.0)"
    - MaterialComponents/NavigationDrawer (= 113.1.0)
    - "MaterialComponents/NavigationDrawer+ColorThemer (= 113.1.0)"
    - "MaterialComponents/NavigationDrawer+Theming (= 113.1.0)"
    - MaterialComponents/OverlayWindow (= 113.1.0)
    - MaterialComponents/PageControl (= 113.1.0)
    - MaterialComponents/Palettes (= 113.1.0)
    - MaterialComponents/private (= 113.1.0)
    - MaterialComponents/ProgressView (= 113.1.0)
    - "MaterialComponents/ProgressView+Theming (= 113.1.0)"
    - MaterialComponents/Ripple (= 113.1.0)
    - MaterialComponents/schemes (= 113.1.0)
    - MaterialComponents/ShadowElevations (= 113.1.0)
    - MaterialComponents/ShadowLayer (= 113.1.0)
    - MaterialComponents/ShapeLibrary (= 113.1.0)
    - MaterialComponents/Shapes (= 113.1.0)
    - MaterialComponents/Slider (= 113.1.0)
    - "MaterialComponents/Slider+ColorThemer (= 113.1.0)"
    - MaterialComponents/Snackbar (= 113.1.0)
    - MaterialComponents/Tabs (= 113.1.0)
    - "MaterialComponents/Tabs+TabBarView (= 113.1.0)"
    - "MaterialComponents/Tabs+TabBarViewTheming (= 113.1.0)"
    - "MaterialComponents/Tabs+Theming (= 113.1.0)"
    - "MaterialComponents/Tabs+TypographyThemer (= 113.1.0)"
    - "MaterialComponents/TextControls+BaseTextAreas (= 113.1.0)"
    - "MaterialComponents/TextControls+BaseTextFields (= 113.1.0)"
    - "MaterialComponents/TextControls+Enums (= 113.1.0)"
    - "MaterialComponents/TextControls+FilledTextAreas (= 113.1.0)"
    - "MaterialComponents/TextControls+FilledTextAreasTheming (= 113.1.0)"
    - "MaterialComponents/TextControls+FilledTextFields (= 113.1.0)"
    - "MaterialComponents/TextControls+FilledTextFieldsTheming (= 113.1.0)"
    - "MaterialComponents/TextControls+OutlinedTextAreas (= 113.1.0)"
    - "MaterialComponents/TextControls+OutlinedTextAreasTheming (= 113.1.0)"
    - "MaterialComponents/TextControls+OutlinedTextFields (= 113.1.0)"
    - "MaterialComponents/TextControls+OutlinedTextFieldsTheming (= 113.1.0)"
    - "MaterialComponents/TextControls+UnderlinedTextFields (= 113.1.0)"
    - "MaterialComponents/TextControls+UnderlinedTextFieldsTheming (= 113.1.0)"
    - MaterialComponents/TextFields (= 113.1.0)
    - "MaterialComponents/TextFields+ColorThemer (= 113.1.0)"
    - "MaterialComponents/TextFields+Theming (= 113.1.0)"
    - MaterialComponents/Themes (= 113.1.0)
    - MaterialComponents/Typography (= 113.1.0)
  - MaterialComponents/ActionSheet (113.1.0):
    - MaterialComponents/Availability
    - MaterialComponents/BottomSheet
    - MaterialComponents/Elevation
    - MaterialComponents/Ink
    - MaterialComponents/private/Math
    - MaterialComponents/Ripple
    - MaterialComponents/ShadowElevations
    - MaterialComponents/Typography
  - "MaterialComponents/ActionSheet+Theming (113.1.0)":
    - MaterialComponents/ActionSheet
    - MaterialComponents/Availability
    - MaterialComponents/Elevation
    - MaterialComponents/private/Color
    - MaterialComponents/schemes/Container
    - MaterialComponents/ShadowElevations
  - MaterialComponents/ActivityIndicator (113.1.0):
    - MaterialComponents/Palettes
    - MaterialComponents/private/Application
    - MDFInternationalization
    - MotionAnimator (~> 2.0)
  - MaterialComponents/AnimationTiming (113.1.0)
  - MaterialComponents/AppBar (113.1.0):
    - MaterialComponents/FlexibleHeader
    - MaterialComponents/HeaderStackView
    - MaterialComponents/NavigationBar
    - MaterialComponents/private/Application
    - MaterialComponents/private/Icons/ic_arrow_back
    - MaterialComponents/private/UIMetrics
    - MaterialComponents/ShadowElevations
    - MaterialComponents/ShadowLayer
    - MaterialComponents/Typography
    - MDFInternationalization
  - "MaterialComponents/AppBar+ColorThemer (113.1.0)":
    - MaterialComponents/AppBar
    - "MaterialComponents/NavigationBar+ColorThemer"
    - MaterialComponents/Themes
  - "MaterialComponents/AppBar+Theming (113.1.0)":
    - MaterialComponents/AppBar
    - MaterialComponents/schemes/Container
  - "MaterialComponents/AppBar+TypographyThemer (113.1.0)":
    - MaterialComponents/AppBar
    - "MaterialComponents/NavigationBar+TypographyThemer"
  - MaterialComponents/Availability (113.1.0)
  - MaterialComponents/Banner (113.1.0):
    - MaterialComponents/Availability
    - MaterialComponents/Buttons
    - MaterialComponents/Elevation
    - MaterialComponents/Typography
  - "MaterialComponents/Banner+Theming (113.1.0)":
    - MaterialComponents/Banner
    - MaterialComponents/Buttons
    - "MaterialComponents/Buttons+Theming"
    - MaterialComponents/Elevation
    - MaterialComponents/schemes/Container
    - MaterialComponents/Typography
  - MaterialComponents/BottomAppBar (113.1.0):
    - MaterialComponents/Buttons
    - MaterialComponents/NavigationBar
    - MaterialComponents/private/Math
    - MDFInternationalization
  - MaterialComponents/BottomNavigation (113.1.0):
    - MaterialComponents/Availability
    - MaterialComponents/Elevation
    - MaterialComponents/Ink
    - MaterialComponents/Palettes
    - MaterialComponents/private/Math
    - MaterialComponents/Ripple
    - MaterialComponents/ShadowElevations
    - MaterialComponents/ShadowLayer
    - MaterialComponents/Typography
    - MDFInternationalization
  - "MaterialComponents/BottomNavigation+BottomNavigationController (113.1.0)":
    - MaterialComponents/BottomNavigation
  - "MaterialComponents/BottomNavigation+Theming (113.1.0)":
    - MaterialComponents/BottomNavigation
    - MaterialComponents/schemes/Color
    - MaterialComponents/schemes/Container
    - MaterialComponents/schemes/Typography
    - MaterialComponents/ShadowElevations
  - MaterialComponents/BottomSheet (113.1.0):
    - MaterialComponents/Elevation
    - MaterialComponents/private/KeyboardWatcher
    - MaterialComponents/private/Math
    - MaterialComponents/ShadowElevations
    - MaterialComponents/ShadowLayer
    - MaterialComponents/ShapeLibrary
    - MaterialComponents/Shapes
  - "MaterialComponents/BottomSheet+ShapeThemer (113.1.0)":
    - MaterialComponents/BottomSheet
    - MaterialComponents/schemes/Shape
  - MaterialComponents/ButtonBar (113.1.0):
    - MaterialComponents/Buttons
    - MaterialComponents/private/Application
    - MDFInternationalization
  - MaterialComponents/Buttons (113.1.0):
    - MaterialComponents/Elevation
    - MaterialComponents/Ink
    - MaterialComponents/private/Math
    - MaterialComponents/Ripple
    - MaterialComponents/ShadowElevations
    - MaterialComponents/ShadowLayer
    - MaterialComponents/ShapeLibrary
    - MaterialComponents/Shapes
    - MaterialComponents/Typography
    - MDFInternationalization
    - MDFTextAccessibility
  - "MaterialComponents/Buttons+ButtonThemer (113.1.0)":
    - MaterialComponents/Buttons
    - "MaterialComponents/Buttons+ColorThemer"
    - "MaterialComponents/Buttons+ShapeThemer"
    - "MaterialComponents/Buttons+TypographyThemer"
    - MaterialComponents/Palettes
  - "MaterialComponents/Buttons+ColorThemer (113.1.0)":
    - MaterialComponents/Buttons
    - MaterialComponents/schemes/Color
  - "MaterialComponents/Buttons+ShapeThemer (113.1.0)":
    - MaterialComponents/Buttons
    - MaterialComponents/schemes/Shape
  - "MaterialComponents/Buttons+Theming (113.1.0)":
    - MaterialComponents/Buttons
    - "MaterialComponents/Buttons+ColorThemer"
    - "MaterialComponents/Buttons+ShapeThemer"
    - "MaterialComponents/Buttons+TypographyThemer"
    - MaterialComponents/schemes/Container
    - MaterialComponents/ShadowElevations
  - "MaterialComponents/Buttons+TypographyThemer (113.1.0)":
    - MaterialComponents/Buttons
    - MaterialComponents/schemes/Typography
  - MaterialComponents/Cards (113.1.0):
    - MaterialComponents/Elevation
    - MaterialComponents/Ink
    - MaterialComponents/private/Icons/ic_check_circle
    - MaterialComponents/private/Math
    - MaterialComponents/Ripple
    - MaterialComponents/ShadowLayer
    - MaterialComponents/Shapes
  - "MaterialComponents/Cards+Theming (113.1.0)":
    - MaterialComponents/Cards
    - MaterialComponents/schemes/Container
  - MaterialComponents/Chips (113.1.0):
    - MaterialComponents/Elevation
    - MaterialComponents/Ink
    - MaterialComponents/private/Math
    - MaterialComponents/Ripple
    - MaterialComponents/ShadowElevations
    - MaterialComponents/ShadowLayer
    - MaterialComponents/ShapeLibrary
    - MaterialComponents/Shapes
    - MaterialComponents/TextFields
    - MaterialComponents/Typography
    - MDFInternationalization
  - "MaterialComponents/Chips+Theming (113.1.0)":
    - MaterialComponents/Chips
    - MaterialComponents/schemes/Container
    - MaterialComponents/Typography
  - MaterialComponents/CollectionCells (113.1.0):
    - MaterialComponents/CollectionLayoutAttributes
    - MaterialComponents/Ink
    - MaterialComponents/Palettes
    - MaterialComponents/private/Icons/ic_check
    - MaterialComponents/private/Icons/ic_check_circle
    - MaterialComponents/private/Icons/ic_chevron_right
    - MaterialComponents/private/Icons/ic_info
    - MaterialComponents/private/Icons/ic_radio_button_unchecked
    - MaterialComponents/private/Icons/ic_reorder
    - MaterialComponents/private/Math
    - MaterialComponents/Ripple
    - MaterialComponents/Typography
    - MDFInternationalization
  - MaterialComponents/CollectionLayoutAttributes (113.1.0)
  - MaterialComponents/Collections (113.1.0):
    - MaterialComponents/Availability
    - MaterialComponents/CollectionCells
    - MaterialComponents/CollectionLayoutAttributes
    - MaterialComponents/Ink
    - MaterialComponents/Palettes
    - MaterialComponents/Ripple
    - MaterialComponents/ShadowElevations
    - MaterialComponents/ShadowLayer
    - MaterialComponents/Typography
  - MaterialComponents/Dialogs (113.1.0):
    - MaterialComponents/Buttons
    - MaterialComponents/Elevation
    - MaterialComponents/private/KeyboardWatcher
    - MaterialComponents/private/Math
    - MaterialComponents/ShadowElevations
    - MaterialComponents/ShadowLayer
    - MaterialComponents/Typography
    - MDFInternationalization
  - "MaterialComponents/Dialogs+ColorThemer (113.1.0)":
    - "MaterialComponents/Buttons+ColorThemer"
    - MaterialComponents/Dialogs
    - MaterialComponents/Themes
  - "MaterialComponents/Dialogs+Theming (113.1.0)":
    - "MaterialComponents/Buttons+Theming"
    - MaterialComponents/Dialogs
    - "MaterialComponents/Dialogs+ColorThemer"
    - "MaterialComponents/Dialogs+TypographyThemer"
    - MaterialComponents/schemes/Container
    - MaterialComponents/ShadowElevations
  - "MaterialComponents/Dialogs+TypographyThemer (113.1.0)":
    - "MaterialComponents/Buttons+TypographyThemer"
    - MaterialComponents/Dialogs
    - MaterialComponents/schemes/Typography
  - MaterialComponents/Elevation (113.1.0):
    - MaterialComponents/Availability
    - MaterialComponents/private/Color
    - MaterialComponents/private/Math
  - MaterialComponents/FeatureHighlight (113.1.0):
    - MaterialComponents/Availability
    - MaterialComponents/private/Math
    - MaterialComponents/Typography
    - MDFTextAccessibility
  - "MaterialComponents/FeatureHighlight+ColorThemer (113.1.0)":
    - MaterialComponents/FeatureHighlight
    - MaterialComponents/Themes
  - MaterialComponents/FlexibleHeader (113.1.0):
    - MaterialComponents/Availability
    - MaterialComponents/Elevation
    - "MaterialComponents/FlexibleHeader+ShiftBehavior"
    - "MaterialComponents/FlexibleHeader+ShiftBehaviorEnabledWithStatusBar"
    - MaterialComponents/private/Application
    - MaterialComponents/private/Math
    - MaterialComponents/private/UIMetrics
    - MaterialComponents/ShadowElevations
    - MaterialComponents/ShadowLayer
    - MDFTextAccessibility
  - "MaterialComponents/FlexibleHeader+CanAlwaysExpandToMaximumHeight (113.1.0)":
    - MaterialComponents/FlexibleHeader
  - "MaterialComponents/FlexibleHeader+ShiftBehavior (113.1.0)"
  - "MaterialComponents/FlexibleHeader+ShiftBehaviorEnabledWithStatusBar (113.1.0)":
    - "MaterialComponents/FlexibleHeader+ShiftBehavior"
  - MaterialComponents/HeaderStackView (113.1.0)
  - MaterialComponents/Ink (113.1.0):
    - MaterialComponents/Availability
    - MaterialComponents/private/Color
    - MaterialComponents/private/Math
  - MaterialComponents/LibraryInfo (113.1.0)
  - MaterialComponents/List (113.1.0):
    - MaterialComponents/Elevation
    - MaterialComponents/Ink
    - MaterialComponents/private/Math
    - MaterialComponents/Ripple
    - MaterialComponents/ShadowElevations
    - MaterialComponents/ShadowLayer
    - MaterialComponents/Typography
    - MDFInternationalization
  - "MaterialComponents/List+Theming (113.1.0)":
    - MaterialComponents/List
    - MaterialComponents/schemes/Container
  - MaterialComponents/NavigationBar (113.1.0):
    - MaterialComponents/ButtonBar
    - MaterialComponents/Elevation
    - MaterialComponents/private/Math
    - MaterialComponents/Typography
    - MDFInternationalization
    - MDFTextAccessibility
  - "MaterialComponents/NavigationBar+ColorThemer (113.1.0)":
    - MaterialComponents/NavigationBar
    - MaterialComponents/schemes/Color
  - "MaterialComponents/NavigationBar+TypographyThemer (113.1.0)":
    - MaterialComponents/NavigationBar
    - MaterialComponents/schemes/Typography
  - MaterialComponents/NavigationDrawer (113.1.0):
    - MaterialComponents/Elevation
    - MaterialComponents/Palettes
    - MaterialComponents/private/Math
    - MaterialComponents/private/UIMetrics
    - MaterialComponents/ShadowLayer
  - "MaterialComponents/NavigationDrawer+ColorThemer (113.1.0)":
    - MaterialComponents/NavigationDrawer
    - MaterialComponents/schemes/Color
  - "MaterialComponents/NavigationDrawer+Theming (113.1.0)":
    - MaterialComponents/NavigationDrawer
    - MaterialComponents/schemes/Container
  - MaterialComponents/OverlayWindow (113.1.0):
    - MaterialComponents/Availability
    - MaterialComponents/private/Application
  - MaterialComponents/PageControl (113.1.0):
    - MDFInternationalization
  - MaterialComponents/Palettes (113.1.0)
  - MaterialComponents/private (113.1.0):
    - MaterialComponents/private/Application (= 113.1.0)
    - MaterialComponents/private/Color (= 113.1.0)
    - MaterialComponents/private/Icons (= 113.1.0)
    - MaterialComponents/private/KeyboardWatcher (= 113.1.0)
    - MaterialComponents/private/Math (= 113.1.0)
    - MaterialComponents/private/Overlay (= 113.1.0)
    - "MaterialComponents/private/TextControlsPrivate+BaseStyle (= 113.1.0)"
    - "MaterialComponents/private/TextControlsPrivate+FilledStyle (= 113.1.0)"
    - "MaterialComponents/private/TextControlsPrivate+OutlinedStyle (= 113.1.0)"
    - "MaterialComponents/private/TextControlsPrivate+Shared (= 113.1.0)"
    - "MaterialComponents/private/TextControlsPrivate+TextFields (= 113.1.0)"
    - "MaterialComponents/private/TextControlsPrivate+UnderlinedStyle (= 113.1.0)"
    - MaterialComponents/private/ThumbTrack (= 113.1.0)
    - MaterialComponents/private/UIMetrics (= 113.1.0)
  - MaterialComponents/private/Application (113.1.0)
  - MaterialComponents/private/Color (113.1.0):
    - MaterialComponents/Availability
  - MaterialComponents/private/Icons (113.1.0):
    - MaterialComponents/private/Icons/Base (= 113.1.0)
    - MaterialComponents/private/Icons/ic_arrow_back (= 113.1.0)
    - MaterialComponents/private/Icons/ic_check (= 113.1.0)
    - MaterialComponents/private/Icons/ic_check_circle (= 113.1.0)
    - MaterialComponents/private/Icons/ic_chevron_right (= 113.1.0)
    - MaterialComponents/private/Icons/ic_color_lens (= 113.1.0)
    - MaterialComponents/private/Icons/ic_feedback (= 113.1.0)
    - MaterialComponents/private/Icons/ic_help_outline (= 113.1.0)
    - MaterialComponents/private/Icons/ic_info (= 113.1.0)
    - MaterialComponents/private/Icons/ic_more_horiz (= 113.1.0)
    - MaterialComponents/private/Icons/ic_radio_button_unchecked (= 113.1.0)
    - MaterialComponents/private/Icons/ic_reorder (= 113.1.0)
    - MaterialComponents/private/Icons/ic_settings (= 113.1.0)
  - MaterialComponents/private/Icons/Base (113.1.0)
  - MaterialComponents/private/Icons/ic_arrow_back (113.1.0):
    - MaterialComponents/private/Icons/Base
  - MaterialComponents/private/Icons/ic_check (113.1.0):
    - MaterialComponents/private/Icons/Base
  - MaterialComponents/private/Icons/ic_check_circle (113.1.0):
    - MaterialComponents/private/Icons/Base
  - MaterialComponents/private/Icons/ic_chevron_right (113.1.0):
    - MaterialComponents/private/Icons/Base
  - MaterialComponents/private/Icons/ic_color_lens (113.1.0):
    - MaterialComponents/private/Icons/Base
  - MaterialComponents/private/Icons/ic_feedback (113.1.0):
    - MaterialComponents/private/Icons/Base
  - MaterialComponents/private/Icons/ic_help_outline (113.1.0):
    - MaterialComponents/private/Icons/Base
  - MaterialComponents/private/Icons/ic_info (113.1.0):
    - MaterialComponents/private/Icons/Base
  - MaterialComponents/private/Icons/ic_more_horiz (113.1.0):
    - MaterialComponents/private/Icons/Base
  - MaterialComponents/private/Icons/ic_radio_button_unchecked (113.1.0):
    - MaterialComponents/private/Icons/Base
  - MaterialComponents/private/Icons/ic_reorder (113.1.0):
    - MaterialComponents/private/Icons/Base
  - MaterialComponents/private/Icons/ic_settings (113.1.0):
    - MaterialComponents/private/Icons/Base
  - MaterialComponents/private/KeyboardWatcher (113.1.0):
    - MaterialComponents/private/Application
  - MaterialComponents/private/Math (113.1.0)
  - MaterialComponents/private/Overlay (113.1.0)
  - "MaterialComponents/private/TextControlsPrivate+BaseStyle (113.1.0)":
    - MaterialComponents/AnimationTiming
    - MaterialComponents/private/Math
    - "MaterialComponents/private/TextControlsPrivate+Shared"
  - "MaterialComponents/private/TextControlsPrivate+FilledStyle (113.1.0)":
    - MaterialComponents/AnimationTiming
    - MaterialComponents/Availability
    - MaterialComponents/private/Math
    - "MaterialComponents/private/TextControlsPrivate+Shared"
    - "MaterialComponents/private/TextControlsPrivate+UnderlinedStyle"
  - "MaterialComponents/private/TextControlsPrivate+OutlinedStyle (113.1.0)":
    - MaterialComponents/AnimationTiming
    - MaterialComponents/Availability
    - MaterialComponents/private/Math
    - "MaterialComponents/private/TextControlsPrivate+Shared"
  - "MaterialComponents/private/TextControlsPrivate+Shared (113.1.0)":
    - MaterialComponents/AnimationTiming
    - MaterialComponents/private/Math
    - "MaterialComponents/TextControls+Enums"
  - "MaterialComponents/private/TextControlsPrivate+TextFields (113.1.0)":
    - MaterialComponents/private/Math
    - "MaterialComponents/private/TextControlsPrivate+Shared"
  - "MaterialComponents/private/TextControlsPrivate+UnderlinedStyle (113.1.0)":
    - MaterialComponents/AnimationTiming
    - MaterialComponents/Availability
    - MaterialComponents/private/Math
    - "MaterialComponents/private/TextControlsPrivate+Shared"
  - MaterialComponents/private/ThumbTrack (113.1.0):
    - MaterialComponents/Availability
    - MaterialComponents/Ink
    - MaterialComponents/private/Math
    - MaterialComponents/Ripple
    - MaterialComponents/ShadowElevations
    - MaterialComponents/ShadowLayer
    - MaterialComponents/ShapeLibrary
    - MaterialComponents/Typography
    - MDFInternationalization
  - MaterialComponents/private/UIMetrics (113.1.0):
    - MaterialComponents/private/Application
  - MaterialComponents/ProgressView (113.1.0):
    - MaterialComponents/Palettes
    - MaterialComponents/private/Math
    - MDFInternationalization
  - "MaterialComponents/ProgressView+Theming (113.1.0)":
    - MaterialComponents/ProgressView
    - MaterialComponents/schemes/Container
  - MaterialComponents/Ripple (113.1.0):
    - MaterialComponents/AnimationTiming
    - MaterialComponents/Availability
    - MaterialComponents/private/Color
    - MaterialComponents/private/Math
  - MaterialComponents/schemes (113.1.0):
    - MaterialComponents/schemes/Color (= 113.1.0)
    - MaterialComponents/schemes/Container (= 113.1.0)
    - MaterialComponents/schemes/Shape (= 113.1.0)
    - MaterialComponents/schemes/Typography (= 113.1.0)
    - "MaterialComponents/schemes/Typography+BasicFontScheme (= 113.1.0)"
    - "MaterialComponents/schemes/Typography+Scheming (= 113.1.0)"
  - MaterialComponents/schemes/Color (113.1.0):
    - MaterialComponents/Availability
    - MaterialComponents/private/Color
  - MaterialComponents/schemes/Container (113.1.0):
    - MaterialComponents/schemes/Color
    - MaterialComponents/schemes/Shape
    - MaterialComponents/schemes/Typography
  - MaterialComponents/schemes/Shape (113.1.0):
    - MaterialComponents/ShapeLibrary
    - MaterialComponents/Shapes
  - MaterialComponents/schemes/Typography (113.1.0):
    - "MaterialComponents/schemes/Typography+BasicFontScheme"
    - "MaterialComponents/schemes/Typography+Scheming"
    - MaterialComponents/Typography
  - "MaterialComponents/schemes/Typography+BasicFontScheme (113.1.0)"
  - "MaterialComponents/schemes/Typography+Scheming (113.1.0)"
  - MaterialComponents/ShadowElevations (113.1.0)
  - MaterialComponents/ShadowLayer (113.1.0):
    - MaterialComponents/ShadowElevations
  - MaterialComponents/ShapeLibrary (113.1.0):
    - MaterialComponents/private/Math
    - MaterialComponents/Shapes
  - MaterialComponents/Shapes (113.1.0):
    - MaterialComponents/private/Color
    - MaterialComponents/private/Math
    - MaterialComponents/ShadowLayer
  - MaterialComponents/Slider (113.1.0):
    - MaterialComponents/Elevation
    - MaterialComponents/Palettes
    - MaterialComponents/private/Math
    - MaterialComponents/private/ThumbTrack
    - MaterialComponents/ShadowElevations
  - "MaterialComponents/Slider+ColorThemer (113.1.0)":
    - MaterialComponents/Palettes
    - MaterialComponents/schemes/Color
    - MaterialComponents/Slider
  - MaterialComponents/Snackbar (113.1.0):
    - MaterialComponents/AnimationTiming
    - MaterialComponents/Availability
    - MaterialComponents/Buttons
    - MaterialComponents/Elevation
    - MaterialComponents/OverlayWindow
    - MaterialComponents/private/Application
    - MaterialComponents/private/KeyboardWatcher
    - MaterialComponents/private/Math
    - MaterialComponents/private/Overlay
    - MaterialComponents/ShadowElevations
    - MaterialComponents/ShadowLayer
    - MaterialComponents/Typography
  - MaterialComponents/Tabs (113.1.0):
    - MaterialComponents/AnimationTiming
    - MaterialComponents/Elevation
    - MaterialComponents/Ink
    - MaterialComponents/Palettes
    - MaterialComponents/private/Math
    - MaterialComponents/Ripple
    - MaterialComponents/ShadowElevations
    - MaterialComponents/ShadowLayer
    - MaterialComponents/Typography
    - MDFInternationalization
  - "MaterialComponents/Tabs+TabBarView (113.1.0)":
    - MaterialComponents/AnimationTiming
    - MaterialComponents/private/Math
    - MaterialComponents/Ripple
    - MDFInternationalization
  - "MaterialComponents/Tabs+TabBarViewTheming (113.1.0)":
    - MaterialComponents/schemes/Container
    - "MaterialComponents/Tabs+TabBarView"
  - "MaterialComponents/Tabs+Theming (113.1.0)":
    - MaterialComponents/schemes/Container
    - MaterialComponents/Tabs
    - "MaterialComponents/Tabs+TypographyThemer"
  - "MaterialComponents/Tabs+TypographyThemer (113.1.0)":
    - MaterialComponents/schemes/Typography
    - MaterialComponents/Tabs
  - "MaterialComponents/TextControls+BaseTextAreas (113.1.0)":
    - "MaterialComponents/private/TextControlsPrivate+BaseStyle"
    - "MaterialComponents/private/TextControlsPrivate+Shared"
    - MDFInternationalization
  - "MaterialComponents/TextControls+BaseTextFields (113.1.0)":
    - "MaterialComponents/private/TextControlsPrivate+BaseStyle"
    - "MaterialComponents/private/TextControlsPrivate+Shared"
    - "MaterialComponents/private/TextControlsPrivate+TextFields"
    - MDFInternationalization
  - "MaterialComponents/TextControls+Enums (113.1.0)"
  - "MaterialComponents/TextControls+FilledTextAreas (113.1.0)":
    - MaterialComponents/Availability
    - "MaterialComponents/private/TextControlsPrivate+FilledStyle"
    - "MaterialComponents/TextControls+BaseTextAreas"
  - "MaterialComponents/TextControls+FilledTextAreasTheming (113.1.0)":
    - MaterialComponents/schemes/Container
    - "MaterialComponents/TextControls+FilledTextAreas"
  - "MaterialComponents/TextControls+FilledTextFields (113.1.0)":
    - MaterialComponents/Availability
    - "MaterialComponents/private/TextControlsPrivate+FilledStyle"
    - "MaterialComponents/TextControls+BaseTextFields"
  - "MaterialComponents/TextControls+FilledTextFieldsTheming (113.1.0)":
    - MaterialComponents/schemes/Container
    - "MaterialComponents/TextControls+FilledTextFields"
  - "MaterialComponents/TextControls+OutlinedTextAreas (113.1.0)":
    - MaterialComponents/Availability
    - "MaterialComponents/private/TextControlsPrivate+OutlinedStyle"
    - "MaterialComponents/TextControls+BaseTextAreas"
  - "MaterialComponents/TextControls+OutlinedTextAreasTheming (113.1.0)":
    - MaterialComponents/schemes/Container
    - "MaterialComponents/TextControls+OutlinedTextAreas"
  - "MaterialComponents/TextControls+OutlinedTextFields (113.1.0)":
    - MaterialComponents/Availability
    - "MaterialComponents/private/TextControlsPrivate+OutlinedStyle"
    - "MaterialComponents/TextControls+BaseTextFields"
  - "MaterialComponents/TextControls+OutlinedTextFieldsTheming (113.1.0)":
    - MaterialComponents/schemes/Container
    - "MaterialComponents/TextControls+OutlinedTextFields"
  - "MaterialComponents/TextControls+UnderlinedTextFields (113.1.0)":
    - MaterialComponents/Availability
    - "MaterialComponents/private/TextControlsPrivate+UnderlinedStyle"
    - "MaterialComponents/TextControls+BaseTextFields"
  - "MaterialComponents/TextControls+UnderlinedTextFieldsTheming (113.1.0)":
    - MaterialComponents/schemes/Container
    - "MaterialComponents/TextControls+UnderlinedTextFields"
  - MaterialComponents/TextFields (113.1.0):
    - MaterialComponents/AnimationTiming
    - MaterialComponents/Buttons
    - MaterialComponents/Elevation
    - MaterialComponents/Palettes
    - MaterialComponents/private/Math
    - MaterialComponents/Typography
    - MDFInternationalization
  - "MaterialComponents/TextFields+ColorThemer (113.1.0)":
    - MaterialComponents/TextFields
    - MaterialComponents/Themes
  - "MaterialComponents/TextFields+Theming (113.1.0)":
    - MaterialComponents/schemes/Container
    - MaterialComponents/TextFields
    - "MaterialComponents/TextFields+ColorThemer"
  - MaterialComponents/Themes (113.1.0):
    - MaterialComponents/schemes/Color
    - MaterialComponents/schemes/Typography
  - MaterialComponents/Typography (113.1.0):
    - MaterialComponents/private/Application
    - MaterialComponents/private/Math
    - MDFTextAccessibility
  - MDFInternationalization (2.0.0)
  - MDFTextAccessibility (2.0.0)
  - MotionAnimator (2.8.1):
    - MotionInterchange (~> 1.6)
  - MotionInterchange (1.6.0)
  - RxCocoa (5.1.1):
    - RxRelay (~> 5)
    - RxSwift (~> 5)
  - RxRelay (5.1.1):
    - RxSwift (~> 5)
  - RxSwift (5.1.1)
  - SnapKit (5.0.1)

DEPENDENCIES:
  - common (from `../common`)
  - Kingfisher (~> 5.15.0)
  - MaterialComponents (~> 113.1.0)
  - RxCocoa (~> 5.1.1)
  - SnapKit (~> 5.0.1)

SPEC REPOS:
  trunk:
    - Kingfisher
    - MaterialComponents
    - MDFInternationalization
    - MDFTextAccessibility
    - MotionAnimator
    - MotionInterchange
    - RxCocoa
    - RxRelay
    - RxSwift
    - SnapKit

EXTERNAL SOURCES:
  common:
    :path: "../common"

SPEC CHECKSUMS:
  common: 4b77f45732b29902568fa750cd47df35b13869d0
  Kingfisher: 1acb67597a520c2d0310677e66d6e0af455ef757
  MaterialComponents: 2dd68a6e240ec31c37a4559f176b7bcfe31ef92c
  MDFInternationalization: 010097556d6b09d2c4ea38e0820ea6d37be6a314
  MDFTextAccessibility: 85c09a1bd9c321f494348e632a25063bcda35a53
  MotionAnimator: ee16aa30567c5bae0fb2750c132915829cfaaf8a
  MotionInterchange: ead0e3ae1f3a5fb539e289debbc7ae036160a10d
  RxCocoa: 32065309a38d29b5b0db858819b5bf9ef038b601
  RxRelay: d77f7d771495f43c556cbc43eebd1bb54d01e8e9
  RxSwift: 81470a2074fa8780320ea5fe4102807cb7118178
  SnapKit: 97b92857e3df3a0c71833cce143274bf6ef8e5eb

PODFILE CHECKSUM: bd7e8e09bdbf4a0c6483d622610ebd4cc07f37ed

COCOAPODS: 1.9.3
